
Microsoft Visual Studio Solution File, Format Version 12.00
# Visual Studio 15
VisualStudioVersion = 15.0.26228.4
MinimumVisualStudioVersion = 10.0.40219.1
Project("{FAE04EC0-301F-11D3-BF4B-00C04F79EFBC}") = "Consulta con Grilla", "Consulta con Grilla\Consulta con Grilla.csproj", "{AD531E47-FF9E-4F35-B2BD-7D3FA21388B2}"
EndProject
Global
	GlobalSection(SolutionConfigurationPlatforms) = preSolution
		Debug|Any CPU = Debug|Any CPU
		Release|Any CPU = Release|Any CPU
	EndGlobalSection
	GlobalSection(ProjectConfigurationPlatforms) = postSolution
		{AD531E47-FF9E-4F35-B2BD-7D3FA21388B2}.Debug|Any CPU.ActiveCfg = Debug|Any CPU
		{AD531E47-FF9E-4F35-B2BD-7D3FA21388B2}.Debug|Any CPU.Build.0 = Debug|Any CPU
		{AD531E47-FF9E-4F35-B2BD-7D3FA21388B2}.Release|Any CPU.ActiveCfg = Release|Any CPU
		{AD531E47-FF9E-4F35-B2BD-7D3FA21388B2}.Release|Any CPU.Build.0 = Release|Any CPU
	EndGlobalSection
	GlobalSection(SolutionProperties) = preSolution
		HideSolutionNode = FALSE
	EndGlobalSection
EndGlobal
